lockfileVersion: '6.0'

settings:
  autoInstallPeers: true
  excludeLinksFromLockfile: false

dependencies:
  '@noble/hashes':
    specifier: ^1.3.2
    version: 1.3.2
  '@timsuchanek/blake3-wasm':
    specifier: ^3.0.0
    version: 3.0.0
  '@types/node':
    specifier: ^20.6.0
    version: 20.6.0
  tinybench:
    specifier: ^2.5.0
    version: 2.5.0

packages:

  /@c4312/blake3-internal@3.0.0:
    resolution: {integrity: sha512-USnabcn5uQDbEEryzjK4F3L7HVbMsWtqkTjDbZ/zyMp2vXwlOVnYZbn2WEGx+RmN84U5S1dTe1+RI0fKBWxQsA==}
    engines: {node: '>=16'}
    dev: false

  /@noble/hashes@1.3.2:
    resolution: {integrity: sha512-MVC8EAQp7MvEcm30KWENFjgR+Mkmf+D189XJTkFIlwohU5hcBbn1ZkKq7KVTi2Hme3PMGF390DaL52beVrIihQ==}
    engines: {node: '>= 16'}
    dev: false

  /@timsuchanek/blake3-wasm@3.0.0:
    resolution: {integrity: sha512-pm29mDwTARIi6mIZ4vUc1x1Kp1bDtGcnp9oLcis2igauBFZGuCi6RyXGJnor1nLTQRX0K7oF2oTITZGHDJ2fZg==}
    engines: {node: '>=16'}
    dependencies:
      '@c4312/blake3-internal': 3.0.0
    dev: false

  /@types/node@20.6.0:
    resolution: {integrity: sha512-najjVq5KN2vsH2U/xyh2opaSEz6cZMR2SetLIlxlj08nOcmPOemJmUK2o4kUzfLqfrWE0PIrNeE16XhYDd3nqg==}
    dev: false

  /tinybench@2.5.0:
    resolution: {integrity: sha512-kRwSG8Zx4tjF9ZiyH4bhaebu+EDz1BOx9hOigYHlUW4xxI/wKIUQUqo018UlU4ar6ATPBsaMrdbKZ+tmPdohFA==}
    dev: false
